
Microsoft Visual Studio Solution File, Format Version 12.00
# Visual Studio 14
Project("{2150E333-8FDC-42A3-9474-1A3956D46DE8}") = "3rd", "3rd", "{22A6634F-1A21-396A-B4E5-6D8433DB0098}"
EndProject
Project("{2150E333-8FDC-42A3-9474-1A3956D46DE8}") = "jsmn", "3rd\jsmn", "{95E68C6F-D218-3B91-AD42-3147489CE4D1}"
EndProject
Project("{2150E333-8FDC-42A3-9474-1A3956D46DE8}") = "mbedtls", "3rd\mbedtls", "{AF07D6EF-8317-3D1E-9409-3D670600F24B}"
EndProject
Project("{2150E333-8FDC-42A3-9474-1A3956D46DE8}") = "CMakePredefinedTargets", "CMakePredefinedTargets", "{CAA1FE19-5E20-3D1D-A86C-E56888F2D766}"
EndProject
Project("{2150E333-8FDC-42A3-9474-1A3956D46DE8}") = "demos", "demos", "{5942E560-1971-34D3-AD9D-09E315216F2D}"
EndProject
Project("{2150E333-8FDC-42A3-9474-1A3956D46DE8}") = "zws_sdk", "zws_sdk", "{5DCED09B-2D32-358D-837C-632011471C10}"
EndProject
Project("{8BC9CEB8-8B4A-11D0-8D11-00A0C91BC942}") = "ALL_BUILD", "ALL_BUILD.vcxproj", "{7CB069B8-56C0-3CA5-96BD-5F1D2CD82EAE}"
	ProjectSection(ProjectDependencies) = postProject
		{2CE196DC-AF42-33A7-90A8-E322F0415EFA} = {2CE196DC-AF42-33A7-90A8-E322F0415EFA}
		{6AB5DDFC-2B2D-3E73-BB9D-7694FACE3DBA} = {6AB5DDFC-2B2D-3E73-BB9D-7694FACE3DBA}
		{1D94C2D2-7996-32F6-B0DF-15C9C0F9A186} = {1D94C2D2-7996-32F6-B0DF-15C9C0F9A186}
		{AFF3037A-212E-35C9-B47C-59715206A673} = {AFF3037A-212E-35C9-B47C-59715206A673}
		{4EF2B25C-EB12-3A30-B7EB-C9A8581D3732} = {4EF2B25C-EB12-3A30-B7EB-C9A8581D3732}
		{0331AF41-0C69-31D4-85AF-68366DD36C19} = {0331AF41-0C69-31D4-85AF-68366DD36C19}
		{B83795BE-70F0-3BDC-B996-652BCBDEEF92} = {B83795BE-70F0-3BDC-B996-652BCBDEEF92}
		{E2802ED5-71D5-381F-B79E-84C6424C2ED2} = {E2802ED5-71D5-381F-B79E-84C6424C2ED2}
		{9D8E4EDA-47D6-3E7C-838A-68362D6567C9} = {9D8E4EDA-47D6-3E7C-838A-68362D6567C9}
		{6C00AA1F-34AF-3A19-883A-E6F8356397BA} = {6C00AA1F-34AF-3A19-883A-E6F8356397BA}
		{3DE6BDB9-2302-3B57-9C58-1EADB3DA25B8} = {3DE6BDB9-2302-3B57-9C58-1EADB3DA25B8}
		{F0FF6663-727D-334B-B0C0-1C70EF7B0D24} = {F0FF6663-727D-334B-B0C0-1C70EF7B0D24}
		{4E863FAF-2DD0-3767-A15F-097CCF67D640} = {4E863FAF-2DD0-3767-A15F-097CCF67D640}
		{F34DC5A6-7C80-3A30-96A3-483B93EE1EE8} = {F34DC5A6-7C80-3A30-96A3-483B93EE1EE8}
		{E805D0D4-9203-3C82-989B-8F56C84243DF} = {E805D0D4-9203-3C82-989B-8F56C84243DF}
	EndProjectSection
EndProject
Project("{8BC9CEB8-8B4A-11D0-8D11-00A0C91BC942}") = "INSTALL", "INSTALL.vcxproj", "{5A4488D5-B665-3842-9395-4BFA28A4F646}"
	ProjectSection(ProjectDependencies) = postProject
		{7CB069B8-56C0-3CA5-96BD-5F1D2CD82EAE} = {7CB069B8-56C0-3CA5-96BD-5F1D2CD82EAE}
		{2CE196DC-AF42-33A7-90A8-E322F0415EFA} = {2CE196DC-AF42-33A7-90A8-E322F0415EFA}
	EndProjectSection
EndProject
Project("{8BC9CEB8-8B4A-11D0-8D11-00A0C91BC942}") = "ZERO_CHECK", "ZERO_CHECK.vcxproj", "{2CE196DC-AF42-33A7-90A8-E322F0415EFA}"
	ProjectSection(ProjectDependencies) = postProject
	EndProjectSection
EndProject
Project("{8BC9CEB8-8B4A-11D0-8D11-00A0C91BC942}") = "apidoc", "3rd\mbedtls\apidoc.vcxproj", "{7969B993-5D04-31A6-804D-597E5D15DFAE}"
	ProjectSection(ProjectDependencies) = postProject
		{2CE196DC-AF42-33A7-90A8-E322F0415EFA} = {2CE196DC-AF42-33A7-90A8-E322F0415EFA}
	EndProjectSection
EndProject
Project("{8BC9CEB8-8B4A-11D0-8D11-00A0C91BC942}") = "appuser_example", "demos\src\appuser_example.vcxproj", "{6AB5DDFC-2B2D-3E73-BB9D-7694FACE3DBA}"
	ProjectSection(ProjectDependencies) = postProject
		{2CE196DC-AF42-33A7-90A8-E322F0415EFA} = {2CE196DC-AF42-33A7-90A8-E322F0415EFA}
		{1D94C2D2-7996-32F6-B0DF-15C9C0F9A186} = {1D94C2D2-7996-32F6-B0DF-15C9C0F9A186}
		{9D8E4EDA-47D6-3E7C-838A-68362D6567C9} = {9D8E4EDA-47D6-3E7C-838A-68362D6567C9}
		{3DE6BDB9-2302-3B57-9C58-1EADB3DA25B8} = {3DE6BDB9-2302-3B57-9C58-1EADB3DA25B8}
		{F0FF6663-727D-334B-B0C0-1C70EF7B0D24} = {F0FF6663-727D-334B-B0C0-1C70EF7B0D24}
		{4E863FAF-2DD0-3767-A15F-097CCF67D640} = {4E863FAF-2DD0-3767-A15F-097CCF67D640}
		{F34DC5A6-7C80-3A30-96A3-483B93EE1EE8} = {F34DC5A6-7C80-3A30-96A3-483B93EE1EE8}
	EndProjectSection
EndProject
Project("{8BC9CEB8-8B4A-11D0-8D11-00A0C91BC942}") = "client", "zws_sdk\protocol\common\client.vcxproj", "{1D94C2D2-7996-32F6-B0DF-15C9C0F9A186}"
	ProjectSection(ProjectDependencies) = postProject
		{2CE196DC-AF42-33A7-90A8-E322F0415EFA} = {2CE196DC-AF42-33A7-90A8-E322F0415EFA}
	EndProjectSection
EndProject
Project("{8BC9CEB8-8B4A-11D0-8D11-00A0C91BC942}") = "device_example", "demos\src\device_example.vcxproj", "{AFF3037A-212E-35C9-B47C-59715206A673}"
	ProjectSection(ProjectDependencies) = postProject
		{2CE196DC-AF42-33A7-90A8-E322F0415EFA} = {2CE196DC-AF42-33A7-90A8-E322F0415EFA}
		{1D94C2D2-7996-32F6-B0DF-15C9C0F9A186} = {1D94C2D2-7996-32F6-B0DF-15C9C0F9A186}
		{9D8E4EDA-47D6-3E7C-838A-68362D6567C9} = {9D8E4EDA-47D6-3E7C-838A-68362D6567C9}
		{3DE6BDB9-2302-3B57-9C58-1EADB3DA25B8} = {3DE6BDB9-2302-3B57-9C58-1EADB3DA25B8}
		{F0FF6663-727D-334B-B0C0-1C70EF7B0D24} = {F0FF6663-727D-334B-B0C0-1C70EF7B0D24}
		{4E863FAF-2DD0-3767-A15F-097CCF67D640} = {4E863FAF-2DD0-3767-A15F-097CCF67D640}
		{F34DC5A6-7C80-3A30-96A3-483B93EE1EE8} = {F34DC5A6-7C80-3A30-96A3-483B93EE1EE8}
	EndProjectSection
EndProject
Project("{8BC9CEB8-8B4A-11D0-8D11-00A0C91BC942}") = "download_firmware_example", "demos\src\download_firmware_example.vcxproj", "{4EF2B25C-EB12-3A30-B7EB-C9A8581D3732}"
	ProjectSection(ProjectDependencies) = postProject
		{2CE196DC-AF42-33A7-90A8-E322F0415EFA} = {2CE196DC-AF42-33A7-90A8-E322F0415EFA}
		{1D94C2D2-7996-32F6-B0DF-15C9C0F9A186} = {1D94C2D2-7996-32F6-B0DF-15C9C0F9A186}
		{9D8E4EDA-47D6-3E7C-838A-68362D6567C9} = {9D8E4EDA-47D6-3E7C-838A-68362D6567C9}
		{3DE6BDB9-2302-3B57-9C58-1EADB3DA25B8} = {3DE6BDB9-2302-3B57-9C58-1EADB3DA25B8}
		{F0FF6663-727D-334B-B0C0-1C70EF7B0D24} = {F0FF6663-727D-334B-B0C0-1C70EF7B0D24}
		{4E863FAF-2DD0-3767-A15F-097CCF67D640} = {4E863FAF-2DD0-3767-A15F-097CCF67D640}
		{F34DC5A6-7C80-3A30-96A3-483B93EE1EE8} = {F34DC5A6-7C80-3A30-96A3-483B93EE1EE8}
	EndProjectSection
EndProject
Project("{8BC9CEB8-8B4A-11D0-8D11-00A0C91BC942}") = "download_package_example", "demos\src\download_package_example.vcxproj", "{0331AF41-0C69-31D4-85AF-68366DD36C19}"
	ProjectSection(ProjectDependencies) = postProject
		{2CE196DC-AF42-33A7-90A8-E322F0415EFA} = {2CE196DC-AF42-33A7-90A8-E322F0415EFA}
		{1D94C2D2-7996-32F6-B0DF-15C9C0F9A186} = {1D94C2D2-7996-32F6-B0DF-15C9C0F9A186}
		{9D8E4EDA-47D6-3E7C-838A-68362D6567C9} = {9D8E4EDA-47D6-3E7C-838A-68362D6567C9}
		{3DE6BDB9-2302-3B57-9C58-1EADB3DA25B8} = {3DE6BDB9-2302-3B57-9C58-1EADB3DA25B8}
		{F0FF6663-727D-334B-B0C0-1C70EF7B0D24} = {F0FF6663-727D-334B-B0C0-1C70EF7B0D24}
		{4E863FAF-2DD0-3767-A15F-097CCF67D640} = {4E863FAF-2DD0-3767-A15F-097CCF67D640}
		{F34DC5A6-7C80-3A30-96A3-483B93EE1EE8} = {F34DC5A6-7C80-3A30-96A3-483B93EE1EE8}
	EndProjectSection
EndProject
Project("{8BC9CEB8-8B4A-11D0-8D11-00A0C91BC942}") = "gateway_example", "demos\src\gateway_example.vcxproj", "{B83795BE-70F0-3BDC-B996-652BCBDEEF92}"
	ProjectSection(ProjectDependencies) = postProject
		{2CE196DC-AF42-33A7-90A8-E322F0415EFA} = {2CE196DC-AF42-33A7-90A8-E322F0415EFA}
		{1D94C2D2-7996-32F6-B0DF-15C9C0F9A186} = {1D94C2D2-7996-32F6-B0DF-15C9C0F9A186}
		{9D8E4EDA-47D6-3E7C-838A-68362D6567C9} = {9D8E4EDA-47D6-3E7C-838A-68362D6567C9}
		{3DE6BDB9-2302-3B57-9C58-1EADB3DA25B8} = {3DE6BDB9-2302-3B57-9C58-1EADB3DA25B8}
		{F0FF6663-727D-334B-B0C0-1C70EF7B0D24} = {F0FF6663-727D-334B-B0C0-1C70EF7B0D24}
		{4E863FAF-2DD0-3767-A15F-097CCF67D640} = {4E863FAF-2DD0-3767-A15F-097CCF67D640}
		{F34DC5A6-7C80-3A30-96A3-483B93EE1EE8} = {F34DC5A6-7C80-3A30-96A3-483B93EE1EE8}
	EndProjectSection
EndProject
Project("{8BC9CEB8-8B4A-11D0-8D11-00A0C91BC942}") = "http_transfer_chunk", "demos\src\http_transfer_chunk.vcxproj", "{E2802ED5-71D5-381F-B79E-84C6424C2ED2}"
	ProjectSection(ProjectDependencies) = postProject
		{2CE196DC-AF42-33A7-90A8-E322F0415EFA} = {2CE196DC-AF42-33A7-90A8-E322F0415EFA}
		{1D94C2D2-7996-32F6-B0DF-15C9C0F9A186} = {1D94C2D2-7996-32F6-B0DF-15C9C0F9A186}
		{9D8E4EDA-47D6-3E7C-838A-68362D6567C9} = {9D8E4EDA-47D6-3E7C-838A-68362D6567C9}
		{3DE6BDB9-2302-3B57-9C58-1EADB3DA25B8} = {3DE6BDB9-2302-3B57-9C58-1EADB3DA25B8}
		{F0FF6663-727D-334B-B0C0-1C70EF7B0D24} = {F0FF6663-727D-334B-B0C0-1C70EF7B0D24}
		{4E863FAF-2DD0-3767-A15F-097CCF67D640} = {4E863FAF-2DD0-3767-A15F-097CCF67D640}
		{F34DC5A6-7C80-3A30-96A3-483B93EE1EE8} = {F34DC5A6-7C80-3A30-96A3-483B93EE1EE8}
	EndProjectSection
EndProject
Project("{8BC9CEB8-8B4A-11D0-8D11-00A0C91BC942}") = "jsmn", "3rd\jsmn\jsmn.vcxproj", "{9D8E4EDA-47D6-3E7C-838A-68362D6567C9}"
	ProjectSection(ProjectDependencies) = postProject
		{2CE196DC-AF42-33A7-90A8-E322F0415EFA} = {2CE196DC-AF42-33A7-90A8-E322F0415EFA}
	EndProjectSection
EndProject
Project("{8BC9CEB8-8B4A-11D0-8D11-00A0C91BC942}") = "jsmn_wrapper", "3rd\jsmn\jsmn_wrapper.vcxproj", "{6C00AA1F-34AF-3A19-883A-E6F8356397BA}"
	ProjectSection(ProjectDependencies) = postProject
		{2CE196DC-AF42-33A7-90A8-E322F0415EFA} = {2CE196DC-AF42-33A7-90A8-E322F0415EFA}
	EndProjectSection
EndProject
Project("{8BC9CEB8-8B4A-11D0-8D11-00A0C91BC942}") = "lib", "3rd\mbedtls\library\lib.vcxproj", "{C77390EB-77BC-3B7D-9C84-4D607DA85054}"
	ProjectSection(ProjectDependencies) = postProject
		{2CE196DC-AF42-33A7-90A8-E322F0415EFA} = {2CE196DC-AF42-33A7-90A8-E322F0415EFA}
		{3DE6BDB9-2302-3B57-9C58-1EADB3DA25B8} = {3DE6BDB9-2302-3B57-9C58-1EADB3DA25B8}
		{F0FF6663-727D-334B-B0C0-1C70EF7B0D24} = {F0FF6663-727D-334B-B0C0-1C70EF7B0D24}
		{4E863FAF-2DD0-3767-A15F-097CCF67D640} = {4E863FAF-2DD0-3767-A15F-097CCF67D640}
	EndProjectSection
EndProject
Project("{8BC9CEB8-8B4A-11D0-8D11-00A0C91BC942}") = "mbedcrypto", "3rd\mbedtls\library\mbedcrypto.vcxproj", "{3DE6BDB9-2302-3B57-9C58-1EADB3DA25B8}"
	ProjectSection(ProjectDependencies) = postProject
		{2CE196DC-AF42-33A7-90A8-E322F0415EFA} = {2CE196DC-AF42-33A7-90A8-E322F0415EFA}
	EndProjectSection
EndProject
Project("{8BC9CEB8-8B4A-11D0-8D11-00A0C91BC942}") = "mbedtls", "3rd\mbedtls\library\mbedtls.vcxproj", "{F0FF6663-727D-334B-B0C0-1C70EF7B0D24}"
	ProjectSection(ProjectDependencies) = postProject
		{2CE196DC-AF42-33A7-90A8-E322F0415EFA} = {2CE196DC-AF42-33A7-90A8-E322F0415EFA}
		{3DE6BDB9-2302-3B57-9C58-1EADB3DA25B8} = {3DE6BDB9-2302-3B57-9C58-1EADB3DA25B8}
		{4E863FAF-2DD0-3767-A15F-097CCF67D640} = {4E863FAF-2DD0-3767-A15F-097CCF67D640}
	EndProjectSection
EndProject
Project("{8BC9CEB8-8B4A-11D0-8D11-00A0C91BC942}") = "mbedx509", "3rd\mbedtls\library\mbedx509.vcxproj", "{4E863FAF-2DD0-3767-A15F-097CCF67D640}"
	ProjectSection(ProjectDependencies) = postProject
		{2CE196DC-AF42-33A7-90A8-E322F0415EFA} = {2CE196DC-AF42-33A7-90A8-E322F0415EFA}
		{3DE6BDB9-2302-3B57-9C58-1EADB3DA25B8} = {3DE6BDB9-2302-3B57-9C58-1EADB3DA25B8}
	EndProjectSection
EndProject
Project("{8BC9CEB8-8B4A-11D0-8D11-00A0C91BC942}") = "network", "zws_sdk\network\network.vcxproj", "{F34DC5A6-7C80-3A30-96A3-483B93EE1EE8}"
	ProjectSection(ProjectDependencies) = postProject
		{2CE196DC-AF42-33A7-90A8-E322F0415EFA} = {2CE196DC-AF42-33A7-90A8-E322F0415EFA}
	EndProjectSection
EndProject
Project("{8BC9CEB8-8B4A-11D0-8D11-00A0C91BC942}") = "upload_file_example", "demos\src\upload_file_example.vcxproj", "{E805D0D4-9203-3C82-989B-8F56C84243DF}"
	ProjectSection(ProjectDependencies) = postProject
		{2CE196DC-AF42-33A7-90A8-E322F0415EFA} = {2CE196DC-AF42-33A7-90A8-E322F0415EFA}
		{1D94C2D2-7996-32F6-B0DF-15C9C0F9A186} = {1D94C2D2-7996-32F6-B0DF-15C9C0F9A186}
		{9D8E4EDA-47D6-3E7C-838A-68362D6567C9} = {9D8E4EDA-47D6-3E7C-838A-68362D6567C9}
		{3DE6BDB9-2302-3B57-9C58-1EADB3DA25B8} = {3DE6BDB9-2302-3B57-9C58-1EADB3DA25B8}
		{F0FF6663-727D-334B-B0C0-1C70EF7B0D24} = {F0FF6663-727D-334B-B0C0-1C70EF7B0D24}
		{4E863FAF-2DD0-3767-A15F-097CCF67D640} = {4E863FAF-2DD0-3767-A15F-097CCF67D640}
		{F34DC5A6-7C80-3A30-96A3-483B93EE1EE8} = {F34DC5A6-7C80-3A30-96A3-483B93EE1EE8}
	EndProjectSection
EndProject
Global
	GlobalSection(SolutionConfigurationPlatforms) = preSolution
		Debug|x64 = Debug|x64
		Release|x64 = Release|x64
		MinSizeRel|x64 = MinSizeRel|x64
		RelWithDebInfo|x64 = RelWithDebInfo|x64
	EndGlobalSection
	GlobalSection(ProjectConfigurationPlatforms) = postSolution
		{7CB069B8-56C0-3CA5-96BD-5F1D2CD82EAE}.Debug|x64.ActiveCfg = Debug|x64
		{7CB069B8-56C0-3CA5-96BD-5F1D2CD82EAE}.Debug|x64.Build.0 = Debug|x64
		{7CB069B8-56C0-3CA5-96BD-5F1D2CD82EAE}.Release|x64.ActiveCfg = Release|x64
		{7CB069B8-56C0-3CA5-96BD-5F1D2CD82EAE}.Release|x64.Build.0 = Release|x64
		{7CB069B8-56C0-3CA5-96BD-5F1D2CD82EAE}.MinSizeRel|x64.ActiveCfg = MinSizeRel|x64
		{7CB069B8-56C0-3CA5-96BD-5F1D2CD82EAE}.MinSizeRel|x64.Build.0 = MinSizeRel|x64
		{7CB069B8-56C0-3CA5-96BD-5F1D2CD82EAE}.RelWithDebInfo|x64.ActiveCfg = RelWithDebInfo|x64
		{7CB069B8-56C0-3CA5-96BD-5F1D2CD82EAE}.RelWithDebInfo|x64.Build.0 = RelWithDebInfo|x64
		{5A4488D5-B665-3842-9395-4BFA28A4F646}.Debug|x64.ActiveCfg = Debug|x64
		{5A4488D5-B665-3842-9395-4BFA28A4F646}.Release|x64.ActiveCfg = Release|x64
		{5A4488D5-B665-3842-9395-4BFA28A4F646}.MinSizeRel|x64.ActiveCfg = MinSizeRel|x64
		{5A4488D5-B665-3842-9395-4BFA28A4F646}.RelWithDebInfo|x64.ActiveCfg = RelWithDebInfo|x64
		{2CE196DC-AF42-33A7-90A8-E322F0415EFA}.Debug|x64.ActiveCfg = Debug|x64
		{2CE196DC-AF42-33A7-90A8-E322F0415EFA}.Debug|x64.Build.0 = Debug|x64
		{2CE196DC-AF42-33A7-90A8-E322F0415EFA}.Release|x64.ActiveCfg = Release|x64
		{2CE196DC-AF42-33A7-90A8-E322F0415EFA}.Release|x64.Build.0 = Release|x64
		{2CE196DC-AF42-33A7-90A8-E322F0415EFA}.MinSizeRel|x64.ActiveCfg = MinSizeRel|x64
		{2CE196DC-AF42-33A7-90A8-E322F0415EFA}.MinSizeRel|x64.Build.0 = MinSizeRel|x64
		{2CE196DC-AF42-33A7-90A8-E322F0415EFA}.RelWithDebInfo|x64.ActiveCfg = RelWithDebInfo|x64
		{2CE196DC-AF42-33A7-90A8-E322F0415EFA}.RelWithDebInfo|x64.Build.0 = RelWithDebInfo|x64
		{7969B993-5D04-31A6-804D-597E5D15DFAE}.Debug|x64.ActiveCfg = Debug|x64
		{7969B993-5D04-31A6-804D-597E5D15DFAE}.Release|x64.ActiveCfg = Release|x64
		{7969B993-5D04-31A6-804D-597E5D15DFAE}.MinSizeRel|x64.ActiveCfg = MinSizeRel|x64
		{7969B993-5D04-31A6-804D-597E5D15DFAE}.RelWithDebInfo|x64.ActiveCfg = RelWithDebInfo|x64
		{6AB5DDFC-2B2D-3E73-BB9D-7694FACE3DBA}.Debug|x64.ActiveCfg = Debug|x64
		{6AB5DDFC-2B2D-3E73-BB9D-7694FACE3DBA}.Debug|x64.Build.0 = Debug|x64
		{6AB5DDFC-2B2D-3E73-BB9D-7694FACE3DBA}.Release|x64.ActiveCfg = Release|x64
		{6AB5DDFC-2B2D-3E73-BB9D-7694FACE3DBA}.Release|x64.Build.0 = Release|x64
		{6AB5DDFC-2B2D-3E73-BB9D-7694FACE3DBA}.MinSizeRel|x64.ActiveCfg = MinSizeRel|x64
		{6AB5DDFC-2B2D-3E73-BB9D-7694FACE3DBA}.MinSizeRel|x64.Build.0 = MinSizeRel|x64
		{6AB5DDFC-2B2D-3E73-BB9D-7694FACE3DBA}.RelWithDebInfo|x64.ActiveCfg = RelWithDebInfo|x64
		{6AB5DDFC-2B2D-3E73-BB9D-7694FACE3DBA}.RelWithDebInfo|x64.Build.0 = RelWithDebInfo|x64
		{1D94C2D2-7996-32F6-B0DF-15C9C0F9A186}.Debug|x64.ActiveCfg = Debug|x64
		{1D94C2D2-7996-32F6-B0DF-15C9C0F9A186}.Debug|x64.Build.0 = Debug|x64
		{1D94C2D2-7996-32F6-B0DF-15C9C0F9A186}.Release|x64.ActiveCfg = Release|x64
		{1D94C2D2-7996-32F6-B0DF-15C9C0F9A186}.Release|x64.Build.0 = Release|x64
		{1D94C2D2-7996-32F6-B0DF-15C9C0F9A186}.MinSizeRel|x64.ActiveCfg = MinSizeRel|x64
		{1D94C2D2-7996-32F6-B0DF-15C9C0F9A186}.MinSizeRel|x64.Build.0 = MinSizeRel|x64
		{1D94C2D2-7996-32F6-B0DF-15C9C0F9A186}.RelWithDebInfo|x64.ActiveCfg = RelWithDebInfo|x64
		{1D94C2D2-7996-32F6-B0DF-15C9C0F9A186}.RelWithDebInfo|x64.Build.0 = RelWithDebInfo|x64
		{AFF3037A-212E-35C9-B47C-59715206A673}.Debug|x64.ActiveCfg = Debug|x64
		{AFF3037A-212E-35C9-B47C-59715206A673}.Debug|x64.Build.0 = Debug|x64
		{AFF3037A-212E-35C9-B47C-59715206A673}.Release|x64.ActiveCfg = Release|x64
		{AFF3037A-212E-35C9-B47C-59715206A673}.Release|x64.Build.0 = Release|x64
		{AFF3037A-212E-35C9-B47C-59715206A673}.MinSizeRel|x64.ActiveCfg = MinSizeRel|x64
		{AFF3037A-212E-35C9-B47C-59715206A673}.MinSizeRel|x64.Build.0 = MinSizeRel|x64
		{AFF3037A-212E-35C9-B47C-59715206A673}.RelWithDebInfo|x64.ActiveCfg = RelWithDebInfo|x64
		{AFF3037A-212E-35C9-B47C-59715206A673}.RelWithDebInfo|x64.Build.0 = RelWithDebInfo|x64
		{4EF2B25C-EB12-3A30-B7EB-C9A8581D3732}.Debug|x64.ActiveCfg = Debug|x64
		{4EF2B25C-EB12-3A30-B7EB-C9A8581D3732}.Debug|x64.Build.0 = Debug|x64
		{4EF2B25C-EB12-3A30-B7EB-C9A8581D3732}.Release|x64.ActiveCfg = Release|x64
		{4EF2B25C-EB12-3A30-B7EB-C9A8581D3732}.Release|x64.Build.0 = Release|x64
		{4EF2B25C-EB12-3A30-B7EB-C9A8581D3732}.MinSizeRel|x64.ActiveCfg = MinSizeRel|x64
		{4EF2B25C-EB12-3A30-B7EB-C9A8581D3732}.MinSizeRel|x64.Build.0 = MinSizeRel|x64
		{4EF2B25C-EB12-3A30-B7EB-C9A8581D3732}.RelWithDebInfo|x64.ActiveCfg = RelWithDebInfo|x64
		{4EF2B25C-EB12-3A30-B7EB-C9A8581D3732}.RelWithDebInfo|x64.Build.0 = RelWithDebInfo|x64
		{0331AF41-0C69-31D4-85AF-68366DD36C19}.Debug|x64.ActiveCfg = Debug|x64
		{0331AF41-0C69-31D4-85AF-68366DD36C19}.Debug|x64.Build.0 = Debug|x64
		{0331AF41-0C69-31D4-85AF-68366DD36C19}.Release|x64.ActiveCfg = Release|x64
		{0331AF41-0C69-31D4-85AF-68366DD36C19}.Release|x64.Build.0 = Release|x64
		{0331AF41-0C69-31D4-85AF-68366DD36C19}.MinSizeRel|x64.ActiveCfg = MinSizeRel|x64
		{0331AF41-0C69-31D4-85AF-68366DD36C19}.MinSizeRel|x64.Build.0 = MinSizeRel|x64
		{0331AF41-0C69-31D4-85AF-68366DD36C19}.RelWithDebInfo|x64.ActiveCfg = RelWithDebInfo|x64
		{0331AF41-0C69-31D4-85AF-68366DD36C19}.RelWithDebInfo|x64.Build.0 = RelWithDebInfo|x64
		{B83795BE-70F0-3BDC-B996-652BCBDEEF92}.Debug|x64.ActiveCfg = Debug|x64
		{B83795BE-70F0-3BDC-B996-652BCBDEEF92}.Debug|x64.Build.0 = Debug|x64
		{B83795BE-70F0-3BDC-B996-652BCBDEEF92}.Release|x64.ActiveCfg = Release|x64
		{B83795BE-70F0-3BDC-B996-652BCBDEEF92}.Release|x64.Build.0 = Release|x64
		{B83795BE-70F0-3BDC-B996-652BCBDEEF92}.MinSizeRel|x64.ActiveCfg = MinSizeRel|x64
		{B83795BE-70F0-3BDC-B996-652BCBDEEF92}.MinSizeRel|x64.Build.0 = MinSizeRel|x64
		{B83795BE-70F0-3BDC-B996-652BCBDEEF92}.RelWithDebInfo|x64.ActiveCfg = RelWithDebInfo|x64
		{B83795BE-70F0-3BDC-B996-652BCBDEEF92}.RelWithDebInfo|x64.Build.0 = RelWithDebInfo|x64
		{E2802ED5-71D5-381F-B79E-84C6424C2ED2}.Debug|x64.ActiveCfg = Debug|x64
		{E2802ED5-71D5-381F-B79E-84C6424C2ED2}.Debug|x64.Build.0 = Debug|x64
		{E2802ED5-71D5-381F-B79E-84C6424C2ED2}.Release|x64.ActiveCfg = Release|x64
		{E2802ED5-71D5-381F-B79E-84C6424C2ED2}.Release|x64.Build.0 = Release|x64
		{E2802ED5-71D5-381F-B79E-84C6424C2ED2}.MinSizeRel|x64.ActiveCfg = MinSizeRel|x64
		{E2802ED5-71D5-381F-B79E-84C6424C2ED2}.MinSizeRel|x64.Build.0 = MinSizeRel|x64
		{E2802ED5-71D5-381F-B79E-84C6424C2ED2}.RelWithDebInfo|x64.ActiveCfg = RelWithDebInfo|x64
		{E2802ED5-71D5-381F-B79E-84C6424C2ED2}.RelWithDebInfo|x64.Build.0 = RelWithDebInfo|x64
		{9D8E4EDA-47D6-3E7C-838A-68362D6567C9}.Debug|x64.ActiveCfg = Debug|x64
		{9D8E4EDA-47D6-3E7C-838A-68362D6567C9}.Debug|x64.Build.0 = Debug|x64
		{9D8E4EDA-47D6-3E7C-838A-68362D6567C9}.Release|x64.ActiveCfg = Release|x64
		{9D8E4EDA-47D6-3E7C-838A-68362D6567C9}.Release|x64.Build.0 = Release|x64
		{9D8E4EDA-47D6-3E7C-838A-68362D6567C9}.MinSizeRel|x64.ActiveCfg = MinSizeRel|x64
		{9D8E4EDA-47D6-3E7C-838A-68362D6567C9}.MinSizeRel|x64.Build.0 = MinSizeRel|x64
		{9D8E4EDA-47D6-3E7C-838A-68362D6567C9}.RelWithDebInfo|x64.ActiveCfg = RelWithDebInfo|x64
		{9D8E4EDA-47D6-3E7C-838A-68362D6567C9}.RelWithDebInfo|x64.Build.0 = RelWithDebInfo|x64
		{6C00AA1F-34AF-3A19-883A-E6F8356397BA}.Debug|x64.ActiveCfg = Debug|x64
		{6C00AA1F-34AF-3A19-883A-E6F8356397BA}.Debug|x64.Build.0 = Debug|x64
		{6C00AA1F-34AF-3A19-883A-E6F8356397BA}.Release|x64.ActiveCfg = Release|x64
		{6C00AA1F-34AF-3A19-883A-E6F8356397BA}.Release|x64.Build.0 = Release|x64
		{6C00AA1F-34AF-3A19-883A-E6F8356397BA}.MinSizeRel|x64.ActiveCfg = MinSizeRel|x64
		{6C00AA1F-34AF-3A19-883A-E6F8356397BA}.MinSizeRel|x64.Build.0 = MinSizeRel|x64
		{6C00AA1F-34AF-3A19-883A-E6F8356397BA}.RelWithDebInfo|x64.ActiveCfg = RelWithDebInfo|x64
		{6C00AA1F-34AF-3A19-883A-E6F8356397BA}.RelWithDebInfo|x64.Build.0 = RelWithDebInfo|x64
		{C77390EB-77BC-3B7D-9C84-4D607DA85054}.Debug|x64.ActiveCfg = Debug|x64
		{C77390EB-77BC-3B7D-9C84-4D607DA85054}.Release|x64.ActiveCfg = Release|x64
		{C77390EB-77BC-3B7D-9C84-4D607DA85054}.MinSizeRel|x64.ActiveCfg = MinSizeRel|x64
		{C77390EB-77BC-3B7D-9C84-4D607DA85054}.RelWithDebInfo|x64.ActiveCfg = RelWithDebInfo|x64
		{3DE6BDB9-2302-3B57-9C58-1EADB3DA25B8}.Debug|x64.ActiveCfg = Debug|x64
		{3DE6BDB9-2302-3B57-9C58-1EADB3DA25B8}.Debug|x64.Build.0 = Debug|x64
		{3DE6BDB9-2302-3B57-9C58-1EADB3DA25B8}.Release|x64.ActiveCfg = Release|x64
		{3DE6BDB9-2302-3B57-9C58-1EADB3DA25B8}.Release|x64.Build.0 = Release|x64
		{3DE6BDB9-2302-3B57-9C58-1EADB3DA25B8}.MinSizeRel|x64.ActiveCfg = MinSizeRel|x64
		{3DE6BDB9-2302-3B57-9C58-1EADB3DA25B8}.MinSizeRel|x64.Build.0 = MinSizeRel|x64
		{3DE6BDB9-2302-3B57-9C58-1EADB3DA25B8}.RelWithDebInfo|x64.ActiveCfg = RelWithDebInfo|x64
		{3DE6BDB9-2302-3B57-9C58-1EADB3DA25B8}.RelWithDebInfo|x64.Build.0 = RelWithDebInfo|x64
		{F0FF6663-727D-334B-B0C0-1C70EF7B0D24}.Debug|x64.ActiveCfg = Debug|x64
		{F0FF6663-727D-334B-B0C0-1C70EF7B0D24}.Debug|x64.Build.0 = Debug|x64
		{F0FF6663-727D-334B-B0C0-1C70EF7B0D24}.Release|x64.ActiveCfg = Release|x64
		{F0FF6663-727D-334B-B0C0-1C70EF7B0D24}.Release|x64.Build.0 = Release|x64
		{F0FF6663-727D-334B-B0C0-1C70EF7B0D24}.MinSizeRel|x64.ActiveCfg = MinSizeRel|x64
		{F0FF6663-727D-334B-B0C0-1C70EF7B0D24}.MinSizeRel|x64.Build.0 = MinSizeRel|x64
		{F0FF6663-727D-334B-B0C0-1C70EF7B0D24}.RelWithDebInfo|x64.ActiveCfg = RelWithDebInfo|x64
		{F0FF6663-727D-334B-B0C0-1C70EF7B0D24}.RelWithDebInfo|x64.Build.0 = RelWithDebInfo|x64
		{4E863FAF-2DD0-3767-A15F-097CCF67D640}.Debug|x64.ActiveCfg = Debug|x64
		{4E863FAF-2DD0-3767-A15F-097CCF67D640}.Debug|x64.Build.0 = Debug|x64
		{4E863FAF-2DD0-3767-A15F-097CCF67D640}.Release|x64.ActiveCfg = Release|x64
		{4E863FAF-2DD0-3767-A15F-097CCF67D640}.Release|x64.Build.0 = Release|x64
		{4E863FAF-2DD0-3767-A15F-097CCF67D640}.MinSizeRel|x64.ActiveCfg = MinSizeRel|x64
		{4E863FAF-2DD0-3767-A15F-097CCF67D640}.MinSizeRel|x64.Build.0 = MinSizeRel|x64
		{4E863FAF-2DD0-3767-A15F-097CCF67D640}.RelWithDebInfo|x64.ActiveCfg = RelWithDebInfo|x64
		{4E863FAF-2DD0-3767-A15F-097CCF67D640}.RelWithDebInfo|x64.Build.0 = RelWithDebInfo|x64
		{F34DC5A6-7C80-3A30-96A3-483B93EE1EE8}.Debug|x64.ActiveCfg = Debug|x64
		{F34DC5A6-7C80-3A30-96A3-483B93EE1EE8}.Debug|x64.Build.0 = Debug|x64
		{F34DC5A6-7C80-3A30-96A3-483B93EE1EE8}.Release|x64.ActiveCfg = Release|x64
		{F34DC5A6-7C80-3A30-96A3-483B93EE1EE8}.Release|x64.Build.0 = Release|x64
		{F34DC5A6-7C80-3A30-96A3-483B93EE1EE8}.MinSizeRel|x64.ActiveCfg = MinSizeRel|x64
		{F34DC5A6-7C80-3A30-96A3-483B93EE1EE8}.MinSizeRel|x64.Build.0 = MinSizeRel|x64
		{F34DC5A6-7C80-3A30-96A3-483B93EE1EE8}.RelWithDebInfo|x64.ActiveCfg = RelWithDebInfo|x64
		{F34DC5A6-7C80-3A30-96A3-483B93EE1EE8}.RelWithDebInfo|x64.Build.0 = RelWithDebInfo|x64
		{E805D0D4-9203-3C82-989B-8F56C84243DF}.Debug|x64.ActiveCfg = Debug|x64
		{E805D0D4-9203-3C82-989B-8F56C84243DF}.Debug|x64.Build.0 = Debug|x64
		{E805D0D4-9203-3C82-989B-8F56C84243DF}.Release|x64.ActiveCfg = Release|x64
		{E805D0D4-9203-3C82-989B-8F56C84243DF}.Release|x64.Build.0 = Release|x64
		{E805D0D4-9203-3C82-989B-8F56C84243DF}.MinSizeRel|x64.ActiveCfg = MinSizeRel|x64
		{E805D0D4-9203-3C82-989B-8F56C84243DF}.MinSizeRel|x64.Build.0 = MinSizeRel|x64
		{E805D0D4-9203-3C82-989B-8F56C84243DF}.RelWithDebInfo|x64.ActiveCfg = RelWithDebInfo|x64
		{E805D0D4-9203-3C82-989B-8F56C84243DF}.RelWithDebInfo|x64.Build.0 = RelWithDebInfo|x64
	EndGlobalSection
	GlobalSection(NestedProjects) = preSolution
		{95E68C6F-D218-3B91-AD42-3147489CE4D1} = {22A6634F-1A21-396A-B4E5-6D8433DB0098}
		{AF07D6EF-8317-3D1E-9409-3D670600F24B} = {22A6634F-1A21-396A-B4E5-6D8433DB0098}
		{9D8E4EDA-47D6-3E7C-838A-68362D6567C9} = {95E68C6F-D218-3B91-AD42-3147489CE4D1}
		{6C00AA1F-34AF-3A19-883A-E6F8356397BA} = {95E68C6F-D218-3B91-AD42-3147489CE4D1}
		{7969B993-5D04-31A6-804D-597E5D15DFAE} = {AF07D6EF-8317-3D1E-9409-3D670600F24B}
		{C77390EB-77BC-3B7D-9C84-4D607DA85054} = {AF07D6EF-8317-3D1E-9409-3D670600F24B}
		{3DE6BDB9-2302-3B57-9C58-1EADB3DA25B8} = {AF07D6EF-8317-3D1E-9409-3D670600F24B}
		{F0FF6663-727D-334B-B0C0-1C70EF7B0D24} = {AF07D6EF-8317-3D1E-9409-3D670600F24B}
		{4E863FAF-2DD0-3767-A15F-097CCF67D640} = {AF07D6EF-8317-3D1E-9409-3D670600F24B}
		{7CB069B8-56C0-3CA5-96BD-5F1D2CD82EAE} = {CAA1FE19-5E20-3D1D-A86C-E56888F2D766}
		{5A4488D5-B665-3842-9395-4BFA28A4F646} = {CAA1FE19-5E20-3D1D-A86C-E56888F2D766}
		{2CE196DC-AF42-33A7-90A8-E322F0415EFA} = {CAA1FE19-5E20-3D1D-A86C-E56888F2D766}
		{6AB5DDFC-2B2D-3E73-BB9D-7694FACE3DBA} = {5942E560-1971-34D3-AD9D-09E315216F2D}
		{AFF3037A-212E-35C9-B47C-59715206A673} = {5942E560-1971-34D3-AD9D-09E315216F2D}
		{4EF2B25C-EB12-3A30-B7EB-C9A8581D3732} = {5942E560-1971-34D3-AD9D-09E315216F2D}
		{0331AF41-0C69-31D4-85AF-68366DD36C19} = {5942E560-1971-34D3-AD9D-09E315216F2D}
		{B83795BE-70F0-3BDC-B996-652BCBDEEF92} = {5942E560-1971-34D3-AD9D-09E315216F2D}
		{E2802ED5-71D5-381F-B79E-84C6424C2ED2} = {5942E560-1971-34D3-AD9D-09E315216F2D}
		{E805D0D4-9203-3C82-989B-8F56C84243DF} = {5942E560-1971-34D3-AD9D-09E315216F2D}
		{1D94C2D2-7996-32F6-B0DF-15C9C0F9A186} = {5DCED09B-2D32-358D-837C-632011471C10}
		{F34DC5A6-7C80-3A30-96A3-483B93EE1EE8} = {5DCED09B-2D32-358D-837C-632011471C10}
	EndGlobalSection
	GlobalSection(ExtensibilityGlobals) = postSolution
		SolutionGuid = {4DE40381-A329-3AB2-ABC9-84EE1549F053}
	EndGlobalSection
	GlobalSection(ExtensibilityAddIns) = postSolution
	EndGlobalSection
EndGlobal
