
Microsoft Visual Studio Solution File, Format Version 12.00
# Visual Studio 14
Project("{2150E333-8FDC-42A3-9474-1A3956D46DE8}") = "3rd", "3rd", "{22A6634F-1A21-396A-B4E5-6D8433DB0098}"
EndProject
Project("{2150E333-8FDC-42A3-9474-1A3956D46DE8}") = "mbedtls", "3rd\mbedtls", "{AF07D6EF-8317-3D1E-9409-3D670600F24B}"
EndProject
Project("{2150E333-8FDC-42A3-9474-1A3956D46DE8}") = "CMakePredefinedTargets", "CMakePredefinedTargets", "{CAA1FE19-5E20-3D1D-A86C-E56888F2D766}"
EndProject
Project("{8BC9CEB8-8B4A-11D0-8D11-00A0C91BC942}") = "ALL_BUILD", "ALL_BUILD.vcxproj", "{7CB069B8-56C0-3CA5-96BD-5F1D2CD82EAE}"
	ProjectSection(ProjectDependencies) = postProject
		{2CE196DC-AF42-33A7-90A8-E322F0415EFA} = {2CE196DC-AF42-33A7-90A8-E322F0415EFA}
		{3DE6BDB9-2302-3B57-9C58-1EADB3DA25B8} = {3DE6BDB9-2302-3B57-9C58-1EADB3DA25B8}
		{F0FF6663-727D-334B-B0C0-1C70EF7B0D24} = {F0FF6663-727D-334B-B0C0-1C70EF7B0D24}
		{4E863FAF-2DD0-3767-A15F-097CCF67D640} = {4E863FAF-2DD0-3767-A15F-097CCF67D640}
	EndProjectSection
EndProject
Project("{8BC9CEB8-8B4A-11D0-8D11-00A0C91BC942}") = "INSTALL", "INSTALL.vcxproj", "{5A4488D5-B665-3842-9395-4BFA28A4F646}"
	ProjectSection(ProjectDependencies) = postProject
		{7CB069B8-56C0-3CA5-96BD-5F1D2CD82EAE} = {7CB069B8-56C0-3CA5-96BD-5F1D2CD82EAE}
		{2CE196DC-AF42-33A7-90A8-E322F0415EFA} = {2CE196DC-AF42-33A7-90A8-E322F0415EFA}
	EndProjectSection
EndProject
Project("{8BC9CEB8-8B4A-11D0-8D11-00A0C91BC942}") = "ZERO_CHECK", "..\..\\ZERO_CHECK.vcxproj", "{2CE196DC-AF42-33A7-90A8-E322F0415EFA}"
	ProjectSection(ProjectDependencies) = postProject
	EndProjectSection
EndProject
Project("{8BC9CEB8-8B4A-11D0-8D11-00A0C91BC942}") = "apidoc", "apidoc.vcxproj", "{7969B993-5D04-31A6-804D-597E5D15DFAE}"
	ProjectSection(ProjectDependencies) = postProject
		{2CE196DC-AF42-33A7-90A8-E322F0415EFA} = {2CE196DC-AF42-33A7-90A8-E322F0415EFA}
	EndProjectSection
EndProject
Project("{8BC9CEB8-8B4A-11D0-8D11-00A0C91BC942}") = "lib", "library\lib.vcxproj", "{C77390EB-77BC-3B7D-9C84-4D607DA85054}"
	ProjectSection(ProjectDependencies) = postProject
		{2CE196DC-AF42-33A7-90A8-E322F0415EFA} = {2CE196DC-AF42-33A7-90A8-E322F0415EFA}
		{3DE6BDB9-2302-3B57-9C58-1EADB3DA25B8} = {3DE6BDB9-2302-3B57-9C58-1EADB3DA25B8}
		{F0FF6663-727D-334B-B0C0-1C70EF7B0D24} = {F0FF6663-727D-334B-B0C0-1C70EF7B0D24}
		{4E863FAF-2DD0-3767-A15F-097CCF67D640} = {4E863FAF-2DD0-3767-A15F-097CCF67D640}
	EndProjectSection
EndProject
Project("{8BC9CEB8-8B4A-11D0-8D11-00A0C91BC942}") = "mbedcrypto", "library\mbedcrypto.vcxproj", "{3DE6BDB9-2302-3B57-9C58-1EADB3DA25B8}"
	ProjectSection(ProjectDependencies) = postProject
		{2CE196DC-AF42-33A7-90A8-E322F0415EFA} = {2CE196DC-AF42-33A7-90A8-E322F0415EFA}
	EndProjectSection
EndProject
Project("{8BC9CEB8-8B4A-11D0-8D11-00A0C91BC942}") = "mbedtls", "library\mbedtls.vcxproj", "{F0FF6663-727D-334B-B0C0-1C70EF7B0D24}"
	ProjectSection(ProjectDependencies) = postProject
		{2CE196DC-AF42-33A7-90A8-E322F0415EFA} = {2CE196DC-AF42-33A7-90A8-E322F0415EFA}
		{3DE6BDB9-2302-3B57-9C58-1EADB3DA25B8} = {3DE6BDB9-2302-3B57-9C58-1EADB3DA25B8}
		{4E863FAF-2DD0-3767-A15F-097CCF67D640} = {4E863FAF-2DD0-3767-A15F-097CCF67D640}
	EndProjectSection
EndProject
Project("{8BC9CEB8-8B4A-11D0-8D11-00A0C91BC942}") = "mbedx509", "library\mbedx509.vcxproj", "{4E863FAF-2DD0-3767-A15F-097CCF67D640}"
	ProjectSection(ProjectDependencies) = postProject
		{2CE196DC-AF42-33A7-90A8-E322F0415EFA} = {2CE196DC-AF42-33A7-90A8-E322F0415EFA}
		{3DE6BDB9-2302-3B57-9C58-1EADB3DA25B8} = {3DE6BDB9-2302-3B57-9C58-1EADB3DA25B8}
	EndProjectSection
EndProject
Global
	GlobalSection(SolutionConfigurationPlatforms) = preSolution
		Debug|x64 = Debug|x64
		Release|x64 = Release|x64
		MinSizeRel|x64 = MinSizeRel|x64
		RelWithDebInfo|x64 = RelWithDebInfo|x64
	EndGlobalSection
	GlobalSection(ProjectConfigurationPlatforms) = postSolution
		{7CB069B8-56C0-3CA5-96BD-5F1D2CD82EAE}.Debug|x64.ActiveCfg = Debug|x64
		{7CB069B8-56C0-3CA5-96BD-5F1D2CD82EAE}.Debug|x64.Build.0 = Debug|x64
		{7CB069B8-56C0-3CA5-96BD-5F1D2CD82EAE}.Release|x64.ActiveCfg = Release|x64
		{7CB069B8-56C0-3CA5-96BD-5F1D2CD82EAE}.Release|x64.Build.0 = Release|x64
		{7CB069B8-56C0-3CA5-96BD-5F1D2CD82EAE}.MinSizeRel|x64.ActiveCfg = MinSizeRel|x64
		{7CB069B8-56C0-3CA5-96BD-5F1D2CD82EAE}.MinSizeRel|x64.Build.0 = MinSizeRel|x64
		{7CB069B8-56C0-3CA5-96BD-5F1D2CD82EAE}.RelWithDebInfo|x64.ActiveCfg = RelWithDebInfo|x64
		{7CB069B8-56C0-3CA5-96BD-5F1D2CD82EAE}.RelWithDebInfo|x64.Build.0 = RelWithDebInfo|x64
		{5A4488D5-B665-3842-9395-4BFA28A4F646}.Debug|x64.ActiveCfg = Debug|x64
		{5A4488D5-B665-3842-9395-4BFA28A4F646}.Release|x64.ActiveCfg = Release|x64
		{5A4488D5-B665-3842-9395-4BFA28A4F646}.MinSizeRel|x64.ActiveCfg = MinSizeRel|x64
		{5A4488D5-B665-3842-9395-4BFA28A4F646}.RelWithDebInfo|x64.ActiveCfg = RelWithDebInfo|x64
		{2CE196DC-AF42-33A7-90A8-E322F0415EFA}.Debug|x64.ActiveCfg = Debug|x64
		{2CE196DC-AF42-33A7-90A8-E322F0415EFA}.Debug|x64.Build.0 = Debug|x64
		{2CE196DC-AF42-33A7-90A8-E322F0415EFA}.Release|x64.ActiveCfg = Release|x64
		{2CE196DC-AF42-33A7-90A8-E322F0415EFA}.Release|x64.Build.0 = Release|x64
		{2CE196DC-AF42-33A7-90A8-E322F0415EFA}.MinSizeRel|x64.ActiveCfg = MinSizeRel|x64
		{2CE196DC-AF42-33A7-90A8-E322F0415EFA}.MinSizeRel|x64.Build.0 = MinSizeRel|x64
		{2CE196DC-AF42-33A7-90A8-E322F0415EFA}.RelWithDebInfo|x64.ActiveCfg = RelWithDebInfo|x64
		{2CE196DC-AF42-33A7-90A8-E322F0415EFA}.RelWithDebInfo|x64.Build.0 = RelWithDebInfo|x64
		{7969B993-5D04-31A6-804D-597E5D15DFAE}.Debug|x64.ActiveCfg = Debug|x64
		{7969B993-5D04-31A6-804D-597E5D15DFAE}.Release|x64.ActiveCfg = Release|x64
		{7969B993-5D04-31A6-804D-597E5D15DFAE}.MinSizeRel|x64.ActiveCfg = MinSizeRel|x64
		{7969B993-5D04-31A6-804D-597E5D15DFAE}.RelWithDebInfo|x64.ActiveCfg = RelWithDebInfo|x64
		{C77390EB-77BC-3B7D-9C84-4D607DA85054}.Debug|x64.ActiveCfg = Debug|x64
		{C77390EB-77BC-3B7D-9C84-4D607DA85054}.Release|x64.ActiveCfg = Release|x64
		{C77390EB-77BC-3B7D-9C84-4D607DA85054}.MinSizeRel|x64.ActiveCfg = MinSizeRel|x64
		{C77390EB-77BC-3B7D-9C84-4D607DA85054}.RelWithDebInfo|x64.ActiveCfg = RelWithDebInfo|x64
		{3DE6BDB9-2302-3B57-9C58-1EADB3DA25B8}.Debug|x64.ActiveCfg = Debug|x64
		{3DE6BDB9-2302-3B57-9C58-1EADB3DA25B8}.Debug|x64.Build.0 = Debug|x64
		{3DE6BDB9-2302-3B57-9C58-1EADB3DA25B8}.Release|x64.ActiveCfg = Release|x64
		{3DE6BDB9-2302-3B57-9C58-1EADB3DA25B8}.Release|x64.Build.0 = Release|x64
		{3DE6BDB9-2302-3B57-9C58-1EADB3DA25B8}.MinSizeRel|x64.ActiveCfg = MinSizeRel|x64
		{3DE6BDB9-2302-3B57-9C58-1EADB3DA25B8}.MinSizeRel|x64.Build.0 = MinSizeRel|x64
		{3DE6BDB9-2302-3B57-9C58-1EADB3DA25B8}.RelWithDebInfo|x64.ActiveCfg = RelWithDebInfo|x64
		{3DE6BDB9-2302-3B57-9C58-1EADB3DA25B8}.RelWithDebInfo|x64.Build.0 = RelWithDebInfo|x64
		{F0FF6663-727D-334B-B0C0-1C70EF7B0D24}.Debug|x64.ActiveCfg = Debug|x64
		{F0FF6663-727D-334B-B0C0-1C70EF7B0D24}.Debug|x64.Build.0 = Debug|x64
		{F0FF6663-727D-334B-B0C0-1C70EF7B0D24}.Release|x64.ActiveCfg = Release|x64
		{F0FF6663-727D-334B-B0C0-1C70EF7B0D24}.Release|x64.Build.0 = Release|x64
		{F0FF6663-727D-334B-B0C0-1C70EF7B0D24}.MinSizeRel|x64.ActiveCfg = MinSizeRel|x64
		{F0FF6663-727D-334B-B0C0-1C70EF7B0D24}.MinSizeRel|x64.Build.0 = MinSizeRel|x64
		{F0FF6663-727D-334B-B0C0-1C70EF7B0D24}.RelWithDebInfo|x64.ActiveCfg = RelWithDebInfo|x64
		{F0FF6663-727D-334B-B0C0-1C70EF7B0D24}.RelWithDebInfo|x64.Build.0 = RelWithDebInfo|x64
		{4E863FAF-2DD0-3767-A15F-097CCF67D640}.Debug|x64.ActiveCfg = Debug|x64
		{4E863FAF-2DD0-3767-A15F-097CCF67D640}.Debug|x64.Build.0 = Debug|x64
		{4E863FAF-2DD0-3767-A15F-097CCF67D640}.Release|x64.ActiveCfg = Release|x64
		{4E863FAF-2DD0-3767-A15F-097CCF67D640}.Release|x64.Build.0 = Release|x64
		{4E863FAF-2DD0-3767-A15F-097CCF67D640}.MinSizeRel|x64.ActiveCfg = MinSizeRel|x64
		{4E863FAF-2DD0-3767-A15F-097CCF67D640}.MinSizeRel|x64.Build.0 = MinSizeRel|x64
		{4E863FAF-2DD0-3767-A15F-097CCF67D640}.RelWithDebInfo|x64.ActiveCfg = RelWithDebInfo|x64
		{4E863FAF-2DD0-3767-A15F-097CCF67D640}.RelWithDebInfo|x64.Build.0 = RelWithDebInfo|x64
	EndGlobalSection
	GlobalSection(NestedProjects) = preSolution
		{AF07D6EF-8317-3D1E-9409-3D670600F24B} = {22A6634F-1A21-396A-B4E5-6D8433DB0098}
		{7969B993-5D04-31A6-804D-597E5D15DFAE} = {AF07D6EF-8317-3D1E-9409-3D670600F24B}
		{C77390EB-77BC-3B7D-9C84-4D607DA85054} = {AF07D6EF-8317-3D1E-9409-3D670600F24B}
		{3DE6BDB9-2302-3B57-9C58-1EADB3DA25B8} = {AF07D6EF-8317-3D1E-9409-3D670600F24B}
		{F0FF6663-727D-334B-B0C0-1C70EF7B0D24} = {AF07D6EF-8317-3D1E-9409-3D670600F24B}
		{4E863FAF-2DD0-3767-A15F-097CCF67D640} = {AF07D6EF-8317-3D1E-9409-3D670600F24B}
		{7CB069B8-56C0-3CA5-96BD-5F1D2CD82EAE} = {CAA1FE19-5E20-3D1D-A86C-E56888F2D766}
		{5A4488D5-B665-3842-9395-4BFA28A4F646} = {CAA1FE19-5E20-3D1D-A86C-E56888F2D766}
		{2CE196DC-AF42-33A7-90A8-E322F0415EFA} = {CAA1FE19-5E20-3D1D-A86C-E56888F2D766}
	EndGlobalSection
	GlobalSection(ExtensibilityGlobals) = postSolution
		SolutionGuid = {FC94786A-D030-3367-8BA5-91490AA8666D}
	EndGlobalSection
	GlobalSection(ExtensibilityAddIns) = postSolution
	EndGlobalSection
EndGlobal
